github.com/alecthomas/assert/v2 v2.2.2 h1:Z/iVC0xZfWTaFNE6bA3z07T86hd45Xe2eLt6WVy2bbk=
github.com/alecthomas/participle/v2 v2.0.0 h1:Fgrq+MbuSsJwIkw3fEj9h75vDP0Er5JzepJ0/HNHv0g=
github.com/alecthomas/participle/v2 v2.0.0/go.mod h1:rAKZdJldHu8084ojcWevWAL8KmEU+AT+Olodb+WoN2Y=
github.com/alecthomas/repr v0.2.0 h1:HAzS41CIzNW5syS8Mf9UwXhNH1J9aix/BvDRf1Ml2Yk=
github.com/hexops/gotextdiff v1.0.3 h1:gitA9+qJrrTCsiCl7+kh75nPqQt1cx4ZkudSTLoUqJM=
